{
  "name": "taro-demo-mobx",
  "version": "1.0.0",
  "lockfileVersion": 1,
  "requires": true,
  "dependencies": {
    "@tarojs/async-await": {
      "version": "1.2.7",
      "resolved": "https://registry.npmjs.org/@tarojs/async-await/-/async-await-1.2.7.tgz",
      "integrity": "sha512-V6O3rvU5PihgFFoRwBQvmzRcx9O5DPYvy/JHITQ9afLYGc21oTiV2K013ggDFYOEScyqXla+aveZAiceJDwyEQ==",
      "requires": {
        "promise-polyfill": "7.1.2",
        "regenerator-runtime": "0.11.1"
      }
    },
    "promise-polyfill": {
      "version": "7.1.2",
      "resolved": "https://registry.npmjs.org/promise-polyfill/-/promise-polyfill-7.1.2.tgz",
      "integrity": "sha512-FuEc12/eKqqoRYIGBrUptCBRhobL19PS2U31vMNTfyck1FxPyMfgsXyW4Mav85y/ZN1hop3hOwRlUDok23oYfQ=="
    },
    "regenerator-runtime": {
      "version": "0.11.1",
      "resolved": "https://registry.npmjs.org/regenerator-runtime/-/regenerator-runtime-0.11.1.tgz",
      "integrity": "sha512-MguG95oij0fC3QV3URf4V2SDYGJhJnJGqvIIgdECeODCT98wSWDAJ94SSuVpYQUoTcGUIL6L4yNB7j1DFFHSBg=="
    }
  }
}
